
Microsoft Visual Studio Solution File, Format Version 12.00
# Visual Studio 15
VisualStudioVersion = 15.0.27130.2036
MinimumVisualStudioVersion = 10.0.40219.1
Project("{8BC9CEB8-8B4A-11D0-8D11-00A0C91BC942}") = "hust", "hust\hust.vcxproj", "{2E2AB3D0-1153-4B15-ACEB-DA464B9F5487}"
EndProject
Project("{8BC9CEB8-8B4A-11D0-8D11-00A0C91BC942}") = "InversionOfMatrix", "InversionOfMatrix\InversionOfMatrix.vcxproj", "{126CED6C-1715-48C0-92BA-728F9028F1F1}"
EndProject
Project("{8BC9CEB8-8B4A-11D0-8D11-00A0C91BC942}") = "CountCharsOfWords", "CountCharsOfWords\CountCharsOfWords.vcxproj", "{92819911-0177-4A49-9D09-A6F281D4EB8C}"
EndProject
Project("{8BC9CEB8-8B4A-11D0-8D11-00A0C91BC942}") = "IPAddressIsRight", "IPAddressIsRight\IPAddressIsRight.vcxproj", "{4F25206D-7038-4545-9694-69E18FF56C3D}"
EndProject
Project("{8BC9CEB8-8B4A-11D0-8D11-00A0C91BC942}") = "BST", "BST\BST.vcxproj", "{A3DBE935-2950-4DB2-BC98-9A3D2EC25B46}"
EndProject
Project("{8BC9CEB8-8B4A-11D0-8D11-00A0C91BC942}") = "sort", "sort\sort.vcxproj", "{13667DBB-D107-403C-BC5C-BA4241116BF8}"
EndProject
Project("{8BC9CEB8-8B4A-11D0-8D11-00A0C91BC942}") = "SpecialSort", "SpecialSort\SpecialSort.vcxproj", "{2B4AE53F-5987-47BC-82CE-F5DCE42B9B79}"
EndProject
Project("{8BC9CEB8-8B4A-11D0-8D11-00A0C91BC942}") = "TraverseLinkList", "TraverseLinkList\TraverseLinkList.vcxproj", "{EAB4059A-1E61-46BF-B8FC-297497EB7B29}"
EndProject
Global
	GlobalSection(SolutionConfigurationPlatforms) = preSolution
		Debug|x64 = Debug|x64
		Debug|x86 = Debug|x86
		Release|x64 = Release|x64
		Release|x86 = Release|x86
	EndGlobalSection
	GlobalSection(ProjectConfigurationPlatforms) = postSolution
		{2E2AB3D0-1153-4B15-ACEB-DA464B9F5487}.Debug|x64.ActiveCfg = Debug|x64
		{2E2AB3D0-1153-4B15-ACEB-DA464B9F5487}.Debug|x64.Build.0 = Debug|x64
		{2E2AB3D0-1153-4B15-ACEB-DA464B9F5487}.Debug|x86.ActiveCfg = Debug|Win32
		{2E2AB3D0-1153-4B15-ACEB-DA464B9F5487}.Debug|x86.Build.0 = Debug|Win32
		{2E2AB3D0-1153-4B15-ACEB-DA464B9F5487}.Release|x64.ActiveCfg = Release|x64
		{2E2AB3D0-1153-4B15-ACEB-DA464B9F5487}.Release|x64.Build.0 = Release|x64
		{2E2AB3D0-1153-4B15-ACEB-DA464B9F5487}.Release|x86.ActiveCfg = Release|Win32
		{2E2AB3D0-1153-4B15-ACEB-DA464B9F5487}.Release|x86.Build.0 = Release|Win32
		{126CED6C-1715-48C0-92BA-728F9028F1F1}.Debug|x64.ActiveCfg = Debug|x64
		{126CED6C-1715-48C0-92BA-728F9028F1F1}.Debug|x64.Build.0 = Debug|x64
		{126CED6C-1715-48C0-92BA-728F9028F1F1}.Debug|x86.ActiveCfg = Debug|Win32
		{126CED6C-1715-48C0-92BA-728F9028F1F1}.Debug|x86.Build.0 = Debug|Win32
		{126CED6C-1715-48C0-92BA-728F9028F1F1}.Release|x64.ActiveCfg = Release|x64
		{126CED6C-1715-48C0-92BA-728F9028F1F1}.Release|x64.Build.0 = Release|x64
		{126CED6C-1715-48C0-92BA-728F9028F1F1}.Release|x86.ActiveCfg = Release|Win32
		{126CED6C-1715-48C0-92BA-728F9028F1F1}.Release|x86.Build.0 = Release|Win32
		{92819911-0177-4A49-9D09-A6F281D4EB8C}.Debug|x64.ActiveCfg = Debug|x64
		{92819911-0177-4A49-9D09-A6F281D4EB8C}.Debug|x64.Build.0 = Debug|x64
		{92819911-0177-4A49-9D09-A6F281D4EB8C}.Debug|x86.ActiveCfg = Debug|Win32
		{92819911-0177-4A49-9D09-A6F281D4EB8C}.Debug|x86.Build.0 = Debug|Win32
		{92819911-0177-4A49-9D09-A6F281D4EB8C}.Release|x64.ActiveCfg = Release|x64
		{92819911-0177-4A49-9D09-A6F281D4EB8C}.Release|x64.Build.0 = Release|x64
		{92819911-0177-4A49-9D09-A6F281D4EB8C}.Release|x86.ActiveCfg = Release|Win32
		{92819911-0177-4A49-9D09-A6F281D4EB8C}.Release|x86.Build.0 = Release|Win32
		{4F25206D-7038-4545-9694-69E18FF56C3D}.Debug|x64.ActiveCfg = Debug|x64
		{4F25206D-7038-4545-9694-69E18FF56C3D}.Debug|x64.Build.0 = Debug|x64
		{4F25206D-7038-4545-9694-69E18FF56C3D}.Debug|x86.ActiveCfg = Debug|Win32
		{4F25206D-7038-4545-9694-69E18FF56C3D}.Debug|x86.Build.0 = Debug|Win32
		{4F25206D-7038-4545-9694-69E18FF56C3D}.Release|x64.ActiveCfg = Release|x64
		{4F25206D-7038-4545-9694-69E18FF56C3D}.Release|x64.Build.0 = Release|x64
		{4F25206D-7038-4545-9694-69E18FF56C3D}.Release|x86.ActiveCfg = Release|Win32
		{4F25206D-7038-4545-9694-69E18FF56C3D}.Release|x86.Build.0 = Release|Win32
		{A3DBE935-2950-4DB2-BC98-9A3D2EC25B46}.Debug|x64.ActiveCfg = Debug|x64
		{A3DBE935-2950-4DB2-BC98-9A3D2EC25B46}.Debug|x64.Build.0 = Debug|x64
		{A3DBE935-2950-4DB2-BC98-9A3D2EC25B46}.Debug|x86.ActiveCfg = Debug|Win32
		{A3DBE935-2950-4DB2-BC98-9A3D2EC25B46}.Debug|x86.Build.0 = Debug|Win32
		{A3DBE935-2950-4DB2-BC98-9A3D2EC25B46}.Release|x64.ActiveCfg = Release|x64
		{A3DBE935-2950-4DB2-BC98-9A3D2EC25B46}.Release|x64.Build.0 = Release|x64
		{A3DBE935-2950-4DB2-BC98-9A3D2EC25B46}.Release|x86.ActiveCfg = Release|Win32
		{A3DBE935-2950-4DB2-BC98-9A3D2EC25B46}.Release|x86.Build.0 = Release|Win32
		{13667DBB-D107-403C-BC5C-BA4241116BF8}.Debug|x64.ActiveCfg = Debug|x64
		{13667DBB-D107-403C-BC5C-BA4241116BF8}.Debug|x64.Build.0 = Debug|x64
		{13667DBB-D107-403C-BC5C-BA4241116BF8}.Debug|x86.ActiveCfg = Debug|Win32
		{13667DBB-D107-403C-BC5C-BA4241116BF8}.Debug|x86.Build.0 = Debug|Win32
		{13667DBB-D107-403C-BC5C-BA4241116BF8}.Release|x64.ActiveCfg = Release|x64
		{13667DBB-D107-403C-BC5C-BA4241116BF8}.Release|x64.Build.0 = Release|x64
		{13667DBB-D107-403C-BC5C-BA4241116BF8}.Release|x86.ActiveCfg = Release|Win32
		{13667DBB-D107-403C-BC5C-BA4241116BF8}.Release|x86.Build.0 = Release|Win32
		{2B4AE53F-5987-47BC-82CE-F5DCE42B9B79}.Debug|x64.ActiveCfg = Debug|x64
		{2B4AE53F-5987-47BC-82CE-F5DCE42B9B79}.Debug|x64.Build.0 = Debug|x64
		{2B4AE53F-5987-47BC-82CE-F5DCE42B9B79}.Debug|x86.ActiveCfg = Debug|Win32
		{2B4AE53F-5987-47BC-82CE-F5DCE42B9B79}.Debug|x86.Build.0 = Debug|Win32
		{2B4AE53F-5987-47BC-82CE-F5DCE42B9B79}.Release|x64.ActiveCfg = Release|x64
		{2B4AE53F-5987-47BC-82CE-F5DCE42B9B79}.Release|x64.Build.0 = Release|x64
		{2B4AE53F-5987-47BC-82CE-F5DCE42B9B79}.Release|x86.ActiveCfg = Release|Win32
		{2B4AE53F-5987-47BC-82CE-F5DCE42B9B79}.Release|x86.Build.0 = Release|Win32
		{EAB4059A-1E61-46BF-B8FC-297497EB7B29}.Debug|x64.ActiveCfg = Debug|x64
		{EAB4059A-1E61-46BF-B8FC-297497EB7B29}.Debug|x64.Build.0 = Debug|x64
		{EAB4059A-1E61-46BF-B8FC-297497EB7B29}.Debug|x86.ActiveCfg = Debug|Win32
		{EAB4059A-1E61-46BF-B8FC-297497EB7B29}.Debug|x86.Build.0 = Debug|Win32
		{EAB4059A-1E61-46BF-B8FC-297497EB7B29}.Release|x64.ActiveCfg = Release|x64
		{EAB4059A-1E61-46BF-B8FC-297497EB7B29}.Release|x64.Build.0 = Release|x64
		{EAB4059A-1E61-46BF-B8FC-297497EB7B29}.Release|x86.ActiveCfg = Release|Win32
		{EAB4059A-1E61-46BF-B8FC-297497EB7B29}.Release|x86.Build.0 = Release|Win32
	EndGlobalSection
	GlobalSection(SolutionProperties) = preSolution
		HideSolutionNode = FALSE
	EndGlobalSection
	GlobalSection(ExtensibilityGlobals) = postSolution
		SolutionGuid = {E62B4E00-CCEF-4E5F-8478-895ABECD1EBD}
	EndGlobalSection
EndGlobal
